# THIS IS AN AUTOGENERATED FILE. DO NOT EDIT THIS FILE DIRECTLY.
# yarn lockfile v1


web-yaed@^0.0.5:
  version "0.0.5"
  resolved "https://registry.yarnpkg.com/web-yaed/-/web-yaed-0.0.5.tgz#24ab3af431f3083f4aa537448f5eee4dfaeef19b"

web-zxing@^0.0.4:
  version "0.0.4"
  resolved "https://registry.yarnpkg.com/web-zxing/-/web-zxing-0.0.4.tgz#a92c86f1b4b1d0cbc2f07409fab8dc428a4762fd"
