# THIS IS AN AUTOGENERATED FILE. DO NOT EDIT THIS FILE DIRECTLY.
# yarn lockfile v1


web-yaed@*:
  version "0.0.4"
  resolved "https://registry.yarnpkg.com/web-yaed/-/web-yaed-0.0.4.tgz#664608acc953ba8ba6dbbb8b04b67411b2c628b3"

web-zxing@^0.0.4:
  version "0.0.4"
  resolved "https://registry.yarnpkg.com/web-zxing/-/web-zxing-0.0.4.tgz#a92c86f1b4b1d0cbc2f07409fab8dc428a4762fd"
